
Microsoft Visual Studio Solution File, Format Version 12.00
# Visual Studio 15
Project("{FAE04EC0-301F-11D3-BF4B-00C04F79EFBC}") = "Code.Plugins", "Code.Plugins.csproj", "{19056E8F-48BD-C3F7-B21C-0B6A7C32FE98}"
EndProject
Project("{FAE04EC0-301F-11D3-BF4B-00C04F79EFBC}") = "Code", "Code.csproj", "{7EF88013-656E-DC05-BF23-CB953109E441}"
EndProject
Project("{FAE04EC0-301F-11D3-BF4B-00C04F79EFBC}") = "Code.Editor.Plugins", "Code.Editor.Plugins.csproj", "{9E290F82-2D47-47DA-523D-E22C218AA985}"
EndProject
Project("{FAE04EC0-301F-11D3-BF4B-00C04F79EFBC}") = "Code.Editor", "Code.Editor.csproj", "{59AADB28-1EA3-3677-7968-30AB5EF5468D}"
EndProject
Global
	GlobalSection(SolutionConfigurationPlatforms) = preSolution
		Debug|Any CPU = Debug|Any CPU
		Release|Any CPU = Release|Any CPU
	EndGlobalSection
	GlobalSection(ProjectConfigurationPlatforms) = postSolution
		{19056E8F-48BD-C3F7-B21C-0B6A7C32FE98}.Debug|Any CPU.ActiveCfg = Debug|Any CPU
		{19056E8F-48BD-C3F7-B21C-0B6A7C32FE98}.Debug|Any CPU.Build.0 = Debug|Any CPU
		{19056E8F-48BD-C3F7-B21C-0B6A7C32FE98}.Release|Any CPU.ActiveCfg = Release|Any CPU
		{19056E8F-48BD-C3F7-B21C-0B6A7C32FE98}.Release|Any CPU.Build.0 = Release|Any CPU
		{7EF88013-656E-DC05-BF23-CB953109E441}.Debug|Any CPU.ActiveCfg = Debug|Any CPU
		{7EF88013-656E-DC05-BF23-CB953109E441}.Debug|Any CPU.Build.0 = Debug|Any CPU
		{7EF88013-656E-DC05-BF23-CB953109E441}.Release|Any CPU.ActiveCfg = Release|Any CPU
		{7EF88013-656E-DC05-BF23-CB953109E441}.Release|Any CPU.Build.0 = Release|Any CPU
		{9E290F82-2D47-47DA-523D-E22C218AA985}.Debug|Any CPU.ActiveCfg = Debug|Any CPU
		{9E290F82-2D47-47DA-523D-E22C218AA985}.Debug|Any CPU.Build.0 = Debug|Any CPU
		{9E290F82-2D47-47DA-523D-E22C218AA985}.Release|Any CPU.ActiveCfg = Release|Any CPU
		{9E290F82-2D47-47DA-523D-E22C218AA985}.Release|Any CPU.Build.0 = Release|Any CPU
		{59AADB28-1EA3-3677-7968-30AB5EF5468D}.Debug|Any CPU.ActiveCfg = Debug|Any CPU
		{59AADB28-1EA3-3677-7968-30AB5EF5468D}.Debug|Any CPU.Build.0 = Debug|Any CPU
		{59AADB28-1EA3-3677-7968-30AB5EF5468D}.Release|Any CPU.ActiveCfg = Release|Any CPU
		{59AADB28-1EA3-3677-7968-30AB5EF5468D}.Release|Any CPU.Build.0 = Release|Any CPU
	EndGlobalSection
	GlobalSection(SolutionProperties) = preSolution
		HideSolutionNode = FALSE
	EndGlobalSection
EndGlobal
