
Microsoft Visual Studio Solution File, Format Version 12.00
# Visual Studio Version 16
VisualStudioVersion = 16.0.31424.327
MinimumVisualStudioVersion = 10.0.40219.1
Project("{FAE04EC0-301F-11D3-BF4B-00C04F79EFBC}") = "Tool", "Tool.csproj", "{ADCEBA5D-9CAD-47EF-A9DC-C32BEE858E75}"
EndProject
Global
	GlobalSection(SolutionConfigurationPlatforms) = preSolution
		Debug|Any CPU = Debug|Any CPU
		Release|Any CPU = Release|Any CPU
	EndGlobalSection
	GlobalSection(ProjectConfigurationPlatforms) = postSolution
		{ADCEBA5D-9CAD-47EF-A9DC-C32BEE858E75}.Debug|Any CPU.ActiveCfg = Debug|Any CPU
		{ADCEBA5D-9CAD-47EF-A9DC-C32BEE858E75}.Debug|Any CPU.Build.0 = Debug|Any CPU
		{ADCEBA5D-9CAD-47EF-A9DC-C32BEE858E75}.Release|Any CPU.ActiveCfg = Release|Any CPU
		{ADCEBA5D-9CAD-47EF-A9DC-C32BEE858E75}.Release|Any CPU.Build.0 = Release|Any CPU
	EndGlobalSection
	GlobalSection(SolutionProperties) = preSolution
		HideSolutionNode = FALSE
	EndGlobalSection
	GlobalSection(ExtensibilityGlobals) = postSolution
		SolutionGuid = {AAC7C730-5F58-4C6D-A8BD-90DC5FA2BF50}
	EndGlobalSection
EndGlobal
